Microsoft Visual Studio Solution File, Format Version 9.00
# Visual Studio 2005
Project("{8BC9CEB8-8B4A-11D0-8D11-00A0C91BC942}") = "Golgotha", "Golgotha.vcproj", "{C293A64C-E1FB-4E57-8B79-E674B1FB422F}"
EndProject
Project("{8BC9CEB8-8B4A-11D0-8D11-00A0C91BC942}") = "ivcon", "ivcon\ivcon.vcproj", "{47B0299D-811A-44B0-9EF5-31E16F65F692}"
EndProject
Project("{8BC9CEB8-8B4A-11D0-8D11-00A0C91BC942}") = "map2def", "map2def\map2def.vcproj", "{E0160ED3-7D75-44AE-9F23-53AA8C753F97}"
EndProject
Global
	GlobalSection(SolutionConfigurationPlatforms) = preSolution
		Debug|Win32 = Debug|Win32
		Release|Win32 = Release|Win32
	EndGlobalSection
	GlobalSection(ProjectConfigurationPlatforms) = postSolution
		{C293A64C-E1FB-4E57-8B79-E674B1FB422F}.Debug|Win32.ActiveCfg = Debug|Win32
		{C293A64C-E1FB-4E57-8B79-E674B1FB422F}.Debug|Win32.Build.0 = Debug|Win32
		{C293A64C-E1FB-4E57-8B79-E674B1FB422F}.Release|Win32.ActiveCfg = Release|Win32
		{C293A64C-E1FB-4E57-8B79-E674B1FB422F}.Release|Win32.Build.0 = Release|Win32
		{47B0299D-811A-44B0-9EF5-31E16F65F692}.Debug|Win32.ActiveCfg = Debug|Win32
		{47B0299D-811A-44B0-9EF5-31E16F65F692}.Debug|Win32.Build.0 = Debug|Win32
		{47B0299D-811A-44B0-9EF5-31E16F65F692}.Release|Win32.ActiveCfg = Release|Win32
		{47B0299D-811A-44B0-9EF5-31E16F65F692}.Release|Win32.Build.0 = Release|Win32
		{E0160ED3-7D75-44AE-9F23-53AA8C753F97}.Debug|Win32.ActiveCfg = Debug|Win32
		{E0160ED3-7D75-44AE-9F23-53AA8C753F97}.Debug|Win32.Build.0 = Debug|Win32
		{E0160ED3-7D75-44AE-9F23-53AA8C753F97}.Release|Win32.ActiveCfg = Release|Win32
		{E0160ED3-7D75-44AE-9F23-53AA8C753F97}.Release|Win32.Build.0 = Release|Win32
	EndGlobalSection
	GlobalSection(SolutionProperties) = preSolution
		HideSolutionNode = FALSE
	EndGlobalSection
EndGlobal
