<?xml version="1.0" encoding="utf-8"?>
<Project ToolsVersion="4.0" xmlns="http://schemas.microsoft.com/developer/msbuild/2003">
  <ItemGroup>
    <Filter Include="Source Files">
      <UniqueIdentifier>{562f61fd-ef57-4791-8d97-7ff80827d4ce}</UniqueIdentifier>
      <Extensions>cpp;c;cxx;rc;def;r;odl;idl;hpj;bat</Extensions>
    </Filter>
    <Filter Include="Header Files">
      <UniqueIdentifier>{5e09fe84-2977-4ecc-add8-e892381584ba}</UniqueIdentifier>
      <Extensions>h;hpp;hxx;hm;inl;hh</Extensions>
    </Filter>
    <Filter Include="Resource Files">
      <UniqueIdentifier>{f1866131-3634-48a7-aea0-16e6eee9019f}</UniqueIdentifier>
      <Extensions>ico;cur;bmp;dlg;rc2;rct;bin;rgs;gif;jpg;jpeg;jpe</Extensions>
    </Filter>
    <Filter Include="Data Files">
      <UniqueIdentifier>{c7956a18-3a98-430e-8d27-a80354289e1f}</UniqueIdentifier>
      <Extensions>res;scm</Extensions>
    </Filter>
  </ItemGroup>
  <ItemGroup>
    <ClCompile Include="app__app.cpp">
      <Filter>Source Files</Filter>
    </ClCompile>
    <ClCompile Include="area__rectlist.cpp">
      <Filter>Source Files</Filter>
    </ClCompile>
    <ClCompile Include="checksum__checksum.cpp">
      <Filter>Source Files</Filter>
    </ClCompile>
    <ClCompile Include="device__device.cpp">
      <Filter>Source Files</Filter>
    </ClCompile>
    <ClCompile Include="dll__dll_man.cpp">
      <Filter>Source Files</Filter>
    </ClCompile>
    <ClCompile Include="editor__critical_graph.cpp">
      <Filter>Source Files</Filter>
    </ClCompile>
    <ClCompile Include="editor__critical_map.cpp">
      <Filter>Source Files</Filter>
    </ClCompile>
    <ClCompile Include="editor__e_ai.cpp">
      <Filter>Source Files</Filter>
    </ClCompile>
    <ClCompile Include="editor__editor.cpp">
      <Filter>Source Files</Filter>
    </ClCompile>
    <ClCompile Include="editor__lisp_interaction.cpp">
      <Filter>Source Files</Filter>
    </ClCompile>
    <ClCompile Include="editor__path_api.cpp">
      <Filter>Source Files</Filter>
    </ClCompile>
    <ClCompile Include="editor__solvegraph_breadth.cpp">
      <Filter>Source Files</Filter>
    </ClCompile>
    <ClCompile Include="editor__solvemap_astar2.cpp">
      <Filter>Source Files</Filter>
    </ClCompile>
    <ClCompile Include="editor__solvemap_breadth.cpp">
      <Filter>Source Files</Filter>
    </ClCompile>
    <ClCompile Include="error__error.cpp">
      <Filter>Source Files</Filter>
    </ClCompile>
    <ClCompile Include="file__dialog.cpp">
      <Filter>Source Files</Filter>
    </ClCompile>
    <ClCompile Include="file__file.cpp">
      <Filter>Source Files</Filter>
    </ClCompile>
    <ClCompile Include="font__font.cpp">
      <Filter>Source Files</Filter>
    </ClCompile>
    <ClCompile Include="golg__border_frame.cpp">
      <Filter>Source Files</Filter>
    </ClCompile>
    <ClCompile Include="golg__camera.cpp">
      <Filter>Source Files</Filter>
    </ClCompile>
    <ClCompile Include="golg__cheat.cpp">
      <Filter>Source Files</Filter>
    </ClCompile>
    <ClCompile Include="golg__controller.cpp">
      <Filter>Source Files</Filter>
    </ClCompile>
    <ClCompile Include="golg__cwin_man.cpp">
      <Filter>Source Files</Filter>
    </ClCompile>
    <ClCompile Include="golg__demo.cpp">
      <Filter>Source Files</Filter>
    </ClCompile>
    <ClCompile Include="golg__draw_context.cpp">
      <Filter>Source Files</Filter>
    </ClCompile>
    <ClCompile Include="golg__f_tables.cpp">
      <Filter>Source Files</Filter>
    </ClCompile>
    <ClCompile Include="golg__fli_load.cpp">
      <Filter>Source Files</Filter>
    </ClCompile>
    <ClCompile Include="golg__g1_file.cpp">
      <Filter>Source Files</Filter>
    </ClCompile>
    <ClCompile Include="golg__g1_object.cpp">
      <Filter>Source Files</Filter>
    </ClCompile>
    <ClCompile Include="golg__g1_rand.cpp">
      <Filter>Source Files</Filter>
    </ClCompile>
    <ClCompile Include="golg__g1_render.cpp">
      <Filter>Source Files</Filter>
    </ClCompile>
    <ClCompile Include="golg__g1_texture_id.cpp">
      <Filter>Source Files</Filter>
    </ClCompile>
    <ClCompile Include="golg__g1_tint.cpp">
      <Filter>Source Files</Filter>
    </ClCompile>
    <ClCompile Include="golg__global_id.cpp">
      <Filter>Source Files</Filter>
    </ClCompile>
    <ClCompile Include="golg__human.cpp">
      <Filter>Source Files</Filter>
    </ClCompile>
    <ClCompile Include="golg__image_man.cpp">
      <Filter>Source Files</Filter>
    </ClCompile>
    <ClCompile Include="golg__input.cpp">
      <Filter>Source Files</Filter>
    </ClCompile>
    <ClCompile Include="golg__level_load.cpp">
      <Filter>Source Files</Filter>
    </ClCompile>
    <ClCompile Include="golg__li_interface.cpp">
      <Filter>Source Files</Filter>
    </ClCompile>
    <ClCompile Include="golg__li_objref.cpp">
      <Filter>Source Files</Filter>
    </ClCompile>
    <ClCompile Include="golg__light.cpp">
      <Filter>Source Files</Filter>
    </ClCompile>
    <ClCompile Include="golg__load3d.cpp">
      <Filter>Source Files</Filter>
    </ClCompile>
    <ClCompile Include="golg__m_flow.cpp">
      <Filter>Source Files</Filter>
    </ClCompile>
    <ClCompile Include="golg__main.cpp">
      <Filter>Source Files</Filter>
    </ClCompile>
    <ClCompile Include="golg__make_tlist.cpp">
      <Filter>Source Files</Filter>
    </ClCompile>
    <ClCompile Include="golg__map.cpp">
      <Filter>Source Files</Filter>
    </ClCompile>
    <ClCompile Include="golg__map_cell.cpp">
      <Filter>Source Files</Filter>
    </ClCompile>
    <ClCompile Include="golg__map_collision.cpp">
      <Filter>Source Files</Filter>
    </ClCompile>
    <ClCompile Include="golg__map_data.cpp">
      <Filter>Source Files</Filter>
    </ClCompile>
    <ClCompile Include="golg__map_light.cpp">
      <Filter>Source Files</Filter>
    </ClCompile>
    <ClCompile Include="golg__map_lod.cpp">
      <Filter>Source Files</Filter>
    </ClCompile>
    <ClCompile Include="golg__map_man.cpp">
      <Filter>Source Files</Filter>
    </ClCompile>
    <ClCompile Include="golg__map_movi.cpp">
      <Filter>Source Files</Filter>
    </ClCompile>
    <ClCompile Include="golg__map_save.cpp">
      <Filter>Source Files</Filter>
    </ClCompile>
    <ClCompile Include="golg__map_vars.cpp">
      <Filter>Source Files</Filter>
    </ClCompile>
    <ClCompile Include="golg__map_vert.cpp">
      <Filter>Source Files</Filter>
    </ClCompile>
    <ClCompile Include="golg__map_view.cpp">
      <Filter>Source Files</Filter>
    </ClCompile>
    <ClCompile Include="golg__map_vis.cpp">
      <Filter>Source Files</Filter>
    </ClCompile>
    <ClCompile Include="golg__menu.cpp">
      <Filter>Source Files</Filter>
    </ClCompile>
    <ClCompile Include="golg__obj3d.cpp">
      <Filter>Source Files</Filter>
    </ClCompile>
    <ClCompile Include="golg__octree.cpp">
      <Filter>Source Files</Filter>
    </ClCompile>
    <ClCompile Include="golg__options.cpp">
      <Filter>Source Files</Filter>
    </ClCompile>
    <ClCompile Include="golg__overhead.cpp">
      <Filter>Source Files</Filter>
    </ClCompile>
    <ClCompile Include="golg__path.cpp">
      <Filter>Source Files</Filter>
    </ClCompile>
    <ClCompile Include="golg__player.cpp">
      <Filter>Source Files</Filter>
    </ClCompile>
    <ClCompile Include="golg__reference.cpp">
      <Filter>Source Files</Filter>
    </ClCompile>
    <ClCompile Include="golg__remove_man.cpp">
      <Filter>Source Files</Filter>
    </ClCompile>
    <ClCompile Include="golg__resources.cpp">
      <Filter>Source Files</Filter>
    </ClCompile>
    <ClCompile Include="golg__saver.cpp">
      <Filter>Source Files</Filter>
    </ClCompile>
    <ClCompile Include="golg__screen_shot.cpp">
      <Filter>Source Files</Filter>
    </ClCompile>
    <ClCompile Include="golg__selection.cpp">
      <Filter>Source Files</Filter>
    </ClCompile>
    <ClCompile Include="golg__sky.cpp">
      <Filter>Source Files</Filter>
    </ClCompile>
    <ClCompile Include="golg__solvemap_astar.cpp">
      <Filter>Source Files</Filter>
    </ClCompile>
    <ClCompile Include="golg__sound_man.cpp">
      <Filter>Source Files</Filter>
    </ClCompile>
    <ClCompile Include="golg__statistics.cpp">
      <Filter>Source Files</Filter>
    </ClCompile>
    <ClCompile Include="golg__team_api.cpp">
      <Filter>Source Files</Filter>
    </ClCompile>
    <ClCompile Include="golg__tick_count.cpp">
      <Filter>Source Files</Filter>
    </ClCompile>
    <ClCompile Include="golg__tile.cpp">
      <Filter>Source Files</Filter>
    </ClCompile>
    <ClCompile Include="golg__vert_table.cpp">
      <Filter>Source Files</Filter>
    </ClCompile>
    <ClCompile Include="golg__visible.cpp">
      <Filter>Source Files</Filter>
    </ClCompile>
    <ClCompile Include="gui__browse_tree.cpp">
      <Filter>Source Files</Filter>
    </ClCompile>
    <ClCompile Include="gui__butbox.cpp">
      <Filter>Source Files</Filter>
    </ClCompile>
    <ClCompile Include="gui__list_pick.cpp">
      <Filter>Source Files</Filter>
    </ClCompile>
    <ClCompile Include="image__image.cpp">
      <Filter>Source Files</Filter>
    </ClCompile>
    <ClCompile Include="inc__search.cpp">
      <Filter>Source Files</Filter>
    </ClCompile>
    <ClCompile Include="init__init.cpp">
      <Filter>Source Files</Filter>
    </ClCompile>
    <ClCompile Include="jj_error.cpp">
      <Filter>Source Files</Filter>
    </ClCompile>
    <ClCompile Include="lisp__file.cpp">
      <Filter>Source Files</Filter>
    </ClCompile>
    <ClCompile Include="lisp__functions.cpp">
      <Filter>Source Files</Filter>
    </ClCompile>
    <ClCompile Include="lisp__lisp.cpp">
      <Filter>Source Files</Filter>
    </ClCompile>
    <ClCompile Include="lisp__math.cpp">
      <Filter>Source Files</Filter>
    </ClCompile>
    <ClCompile Include="lisp__setup.cpp">
      <Filter>Source Files</Filter>
    </ClCompile>
    <ClCompile Include="loaders__bmp_load.cpp">
      <Filter>Source Files</Filter>
    </ClCompile>
    <ClCompile Include="loaders__bmp_write.cpp">
      <Filter>Source Files</Filter>
    </ClCompile>
    <ClCompile Include="loaders__dir_load.cpp">
      <Filter>Source Files</Filter>
    </ClCompile>
    <ClCompile Include="loaders__dir_save.cpp">
      <Filter>Source Files</Filter>
    </ClCompile>
    <ClCompile Include="loaders__jpg__jcapistd.cpp">
      <Filter>Source Files</Filter>
    </ClCompile>
    <ClCompile Include="loaders__jpg__jdapistd.cpp">
      <Filter>Source Files</Filter>
    </ClCompile>
    <ClCompile Include="loaders__jpg__jdatasrc.cpp">
      <Filter>Source Files</Filter>
    </ClCompile>
    <ClCompile Include="loaders__jpg__jerror.cpp">
      <Filter>Source Files</Filter>
    </ClCompile>
    <ClCompile Include="loaders__jpg__jfdctflt.cpp">
      <Filter>Source Files</Filter>
    </ClCompile>
    <ClCompile Include="loaders__jpg__jfdctfst.cpp">
      <Filter>Source Files</Filter>
    </ClCompile>
    <ClCompile Include="loaders__jpg__jfdctint.cpp">
      <Filter>Source Files</Filter>
    </ClCompile>
    <ClCompile Include="loaders__jpg__jidctflt.cpp">
      <Filter>Source Files</Filter>
    </ClCompile>
    <ClCompile Include="loaders__jpg__jidctfst.cpp">
      <Filter>Source Files</Filter>
    </ClCompile>
    <ClCompile Include="loaders__jpg__jidctint.cpp">
      <Filter>Source Files</Filter>
    </ClCompile>
    <ClCompile Include="loaders__jpg__jidctred.cpp">
      <Filter>Source Files</Filter>
    </ClCompile>
    <ClCompile Include="loaders__jpg__jmemmgr.cpp">
      <Filter>Source Files</Filter>
    </ClCompile>
    <ClCompile Include="loaders__jpg__jmemnobs.cpp">
      <Filter>Source Files</Filter>
    </ClCompile>
    <ClCompile Include="loaders__jpg__jquant1.cpp">
      <Filter>Source Files</Filter>
    </ClCompile>
    <ClCompile Include="loaders__jpg__jquant2.cpp">
      <Filter>Source Files</Filter>
    </ClCompile>
    <ClCompile Include="loaders__jpg__jutils.cpp">
      <Filter>Source Files</Filter>
    </ClCompile>
    <ClCompile Include="loaders__jpg__wrtarga.cpp">
      <Filter>Source Files</Filter>
    </ClCompile>
    <ClCompile Include="loaders__jpg_load.cpp">
      <Filter>Source Files</Filter>
    </ClCompile>
    <ClCompile Include="loaders__jpg_write.cpp">
      <Filter>Source Files</Filter>
    </ClCompile>
    <ClCompile Include="loaders__load.cpp">
      <Filter>Source Files</Filter>
    </ClCompile>
    <ClCompile Include="loaders__mp3__common.cpp">
      <Filter>Source Files</Filter>
    </ClCompile>
    <ClCompile Include="loaders__mp3__dct64.cpp">
      <Filter>Source Files</Filter>
    </ClCompile>
    <ClCompile Include="loaders__mp3__decode.cpp">
      <Filter>Source Files</Filter>
    </ClCompile>
    <ClCompile Include="loaders__mp3__decode_2to1.cpp">
      <Filter>Source Files</Filter>
    </ClCompile>
    <ClCompile Include="loaders__mp3__decode_4to1.cpp">
      <Filter>Source Files</Filter>
    </ClCompile>
    <ClCompile Include="loaders__mp3__equalizer.cpp">
      <Filter>Source Files</Filter>
    </ClCompile>
    <ClCompile Include="loaders__mp3__getlopt.cpp">
      <Filter>Source Files</Filter>
    </ClCompile>
    <ClCompile Include="loaders__mp3__layer1.cpp">
      <Filter>Source Files</Filter>
    </ClCompile>
    <ClCompile Include="loaders__mp3__layer2.cpp">
      <Filter>Source Files</Filter>
    </ClCompile>
    <ClCompile Include="loaders__mp3__layer3.cpp">
      <Filter>Source Files</Filter>
    </ClCompile>
    <ClCompile Include="loaders__mp3__tabinit.cpp">
      <Filter>Source Files</Filter>
    </ClCompile>
    <ClCompile Include="loaders__mp3_load.cpp">
      <Filter>Source Files</Filter>
    </ClCompile>
    <ClCompile Include="loaders__pcx_load.cpp">
      <Filter>Source Files</Filter>
    </ClCompile>
    <ClCompile Include="loaders__tga_load.cpp">
      <Filter>Source Files</Filter>
    </ClCompile>
    <ClCompile Include="loaders__tga_write.cpp">
      <Filter>Source Files</Filter>
    </ClCompile>
    <ClCompile Include="loaders__wav_load.cpp">
      <Filter>Source Files</Filter>
    </ClCompile>
    <ClCompile Include="main__win_main.cpp">
      <Filter>Source Files</Filter>
    </ClCompile>
    <ClCompile Include="math__random.cpp">
      <Filter>Source Files</Filter>
    </ClCompile>
    <ClCompile Include="math__spline.cpp">
      <Filter>Source Files</Filter>
    </ClCompile>
    <ClCompile Include="math__transform.cpp">
      <Filter>Source Files</Filter>
    </ClCompile>
    <ClCompile Include="maxtool__anim_dialog.cpp">
      <Filter>Source Files</Filter>
    </ClCompile>
    <ClCompile Include="maxtool__animate.cpp">
      <Filter>Source Files</Filter>
    </ClCompile>
    <ClCompile Include="maxtool__drag_select.cpp">
      <Filter>Source Files</Filter>
    </ClCompile>
    <ClCompile Include="maxtool__draw_modes.cpp">
      <Filter>Source Files</Filter>
    </ClCompile>
    <ClCompile Include="maxtool__m1_commands.cpp">
      <Filter>Source Files</Filter>
    </ClCompile>
    <ClCompile Include="maxtool__m1_info.cpp">
      <Filter>Source Files</Filter>
    </ClCompile>
    <ClCompile Include="maxtool__m1_test.cpp">
      <Filter>Source Files</Filter>
    </ClCompile>
    <ClCompile Include="maxtool__max_load.cpp">
      <Filter>Source Files</Filter>
    </ClCompile>
    <ClCompile Include="maxtool__max_object.cpp">
      <Filter>Source Files</Filter>
    </ClCompile>
    <ClCompile Include="maxtool__maxcomm.cpp">
      <Filter>Source Files</Filter>
    </ClCompile>
    <ClCompile Include="maxtool__maxtool.cpp">
      <Filter>Source Files</Filter>
    </ClCompile>
    <ClCompile Include="maxtool__mount_win.cpp">
      <Filter>Source Files</Filter>
    </ClCompile>
    <ClCompile Include="maxtool__navigate.cpp">
      <Filter>Source Files</Filter>
    </ClCompile>
    <ClCompile Include="maxtool__pan.cpp">
      <Filter>Source Files</Filter>
    </ClCompile>
    <ClCompile Include="maxtool__render.cpp">
      <Filter>Source Files</Filter>
    </ClCompile>
    <ClCompile Include="maxtool__saveas.cpp">
      <Filter>Source Files</Filter>
    </ClCompile>
    <ClCompile Include="maxtool__st_edit.cpp">
      <Filter>Source Files</Filter>
    </ClCompile>
    <ClCompile Include="maxtool__translate.cpp">
      <Filter>Source Files</Filter>
    </ClCompile>
    <ClCompile Include="memory__malloc.cpp">
      <Filter>Source Files</Filter>
    </ClCompile>
    <ClCompile Include="menu__menu.cpp">
      <Filter>Source Files</Filter>
    </ClCompile>
    <ClCompile Include="music__stream.cpp">
      <Filter>Source Files</Filter>
    </ClCompile>
    <ClCompile Include="net__startup.cpp">
      <Filter>Source Files</Filter>
    </ClCompile>
    <ClCompile Include="network__tcpip.cpp">
      <Filter>Source Files</Filter>
    </ClCompile>
    <ClCompile Include="objs__ai_builder.cpp">
      <Filter>Source Files</Filter>
    </ClCompile>
    <ClCompile Include="objs__ai_jim.cpp">
      <Filter>Source Files</Filter>
    </ClCompile>
    <ClCompile Include="objs__ai_joe.cpp">
      <Filter>Source Files</Filter>
    </ClCompile>
    <ClCompile Include="objs__armor.cpp">
      <Filter>Source Files</Filter>
    </ClCompile>
    <ClCompile Include="objs__bank.cpp">
      <Filter>Source Files</Filter>
    </ClCompile>
    <ClCompile Include="objs__base_launcher.cpp">
      <Filter>Source Files</Filter>
    </ClCompile>
    <ClCompile Include="objs__bases.cpp">
      <Filter>Source Files</Filter>
    </ClCompile>
    <ClCompile Include="objs__beam_weapon.cpp">
      <Filter>Source Files</Filter>
    </ClCompile>
    <ClCompile Include="objs__bird.cpp">
      <Filter>Source Files</Filter>
    </ClCompile>
    <ClCompile Include="objs__bolt.cpp">
      <Filter>Source Files</Filter>
    </ClCompile>
    <ClCompile Include="objs__bomb_truck.cpp">
      <Filter>Source Files</Filter>
    </ClCompile>
    <ClCompile Include="objs__bomber.cpp">
      <Filter>Source Files</Filter>
    </ClCompile>
    <ClCompile Include="objs__bridger.cpp">
      <Filter>Source Files</Filter>
    </ClCompile>
    <ClCompile Include="objs__bullet.cpp">
      <Filter>Source Files</Filter>
    </ClCompile>
    <ClCompile Include="objs__buster_rocket.cpp">
      <Filter>Source Files</Filter>
    </ClCompile>
    <ClCompile Include="objs__car.cpp">
      <Filter>Source Files</Filter>
    </ClCompile>
    <ClCompile Include="objs__carcass.cpp">
      <Filter>Source Files</Filter>
    </ClCompile>
    <ClCompile Include="objs__chunk_explosion.cpp">
      <Filter>Source Files</Filter>
    </ClCompile>
    <ClCompile Include="objs__cloud.cpp">
      <Filter>Source Files</Filter>
    </ClCompile>
    <ClCompile Include="objs__cobra_tank.cpp">
      <Filter>Source Files</Filter>
    </ClCompile>
    <ClCompile Include="objs__controllers.cpp">
      <Filter>Source Files</Filter>
    </ClCompile>
    <ClCompile Include="objs__convoy.cpp">
      <Filter>Source Files</Filter>
    </ClCompile>
    <ClCompile Include="objs__crate.cpp">
      <Filter>Source Files</Filter>
    </ClCompile>
    <ClCompile Include="objs__damager.cpp">
      <Filter>Source Files</Filter>
    </ClCompile>
    <ClCompile Include="objs__day_night.cpp">
      <Filter>Source Files</Filter>
    </ClCompile>
    <ClCompile Include="objs__debris.cpp">
      <Filter>Source Files</Filter>
    </ClCompile>
    <ClCompile Include="objs__def_object.cpp">
      <Filter>Source Files</Filter>
    </ClCompile>
    <ClCompile Include="objs__defaults.cpp">
      <Filter>Source Files</Filter>
    </ClCompile>
    <ClCompile Include="objs__dropped_bomb.cpp">
      <Filter>Source Files</Filter>
    </ClCompile>
    <ClCompile Include="objs__eleccar.cpp">
      <Filter>Source Files</Filter>
    </ClCompile>
    <ClCompile Include="objs__engineer.cpp">
      <Filter>Source Files</Filter>
    </ClCompile>
    <ClCompile Include="objs__explode_model.cpp">
      <Filter>Source Files</Filter>
    </ClCompile>
    <ClCompile Include="objs__explosion1.cpp">
      <Filter>Source Files</Filter>
    </ClCompile>
    <ClCompile Include="objs__field_camera.cpp">
      <Filter>Source Files</Filter>
    </ClCompile>
    <ClCompile Include="objs__fire.cpp">
      <Filter>Source Files</Filter>
    </ClCompile>
    <ClCompile Include="objs__fire_angle.cpp">
      <Filter>Source Files</Filter>
    </ClCompile>
    <ClCompile Include="objs__flak.cpp">
      <Filter>Source Files</Filter>
    </ClCompile>
    <ClCompile Include="objs__goal.cpp">
      <Filter>Source Files</Filter>
    </ClCompile>
    <ClCompile Include="objs__guided_missile.cpp">
      <Filter>Source Files</Filter>
    </ClCompile>
    <ClCompile Include="objs__gun_port.cpp">
      <Filter>Source Files</Filter>
    </ClCompile>
    <ClCompile Include="objs__helicopter.cpp">
      <Filter>Source Files</Filter>
    </ClCompile>
    <ClCompile Include="objs__jet.cpp">
      <Filter>Source Files</Filter>
    </ClCompile>
    <ClCompile Include="objs__lawfirm.cpp">
      <Filter>Source Files</Filter>
    </ClCompile>
    <ClCompile Include="objs__light_o.cpp">
      <Filter>Source Files</Filter>
    </ClCompile>
    <ClCompile Include="objs__map_piece.cpp">
      <Filter>Source Files</Filter>
    </ClCompile>
    <ClCompile Include="objs__miracle.cpp">
      <Filter>Source Files</Filter>
    </ClCompile>
    <ClCompile Include="objs__miscobjs.cpp">
      <Filter>Source Files</Filter>
    </ClCompile>
    <ClCompile Include="objs__model_collide.cpp">
      <Filter>Source Files</Filter>
    </ClCompile>
    <ClCompile Include="objs__model_draw.cpp">
      <Filter>Source Files</Filter>
    </ClCompile>
    <ClCompile Include="objs__model_id.cpp">
      <Filter>Source Files</Filter>
    </ClCompile>
    <ClCompile Include="objs__moneycrate.cpp">
      <Filter>Source Files</Filter>
    </ClCompile>
    <ClCompile Include="objs__moneyplane.cpp">
      <Filter>Source Files</Filter>
    </ClCompile>
    <ClCompile Include="objs__old_ids.cpp">
      <Filter>Source Files</Filter>
    </ClCompile>
    <ClCompile Include="objs__particle_emitter.cpp">
      <Filter>Source Files</Filter>
    </ClCompile>
    <ClCompile Include="objs__path_object.cpp">
      <Filter>Source Files</Filter>
    </ClCompile>
    <ClCompile Include="objs__peontank.cpp">
      <Filter>Source Files</Filter>
    </ClCompile>
    <ClCompile Include="objs__popup_turret.cpp">
      <Filter>Source Files</Filter>
    </ClCompile>
    <ClCompile Include="objs__repairer.cpp">
      <Filter>Source Files</Filter>
    </ClCompile>
    <ClCompile Include="objs__rocket.cpp">
      <Filter>Source Files</Filter>
    </ClCompile>
    <ClCompile Include="objs__rocktank.cpp">
      <Filter>Source Files</Filter>
    </ClCompile>
    <ClCompile Include="objs__sfx_obj.cpp">
      <Filter>Source Files</Filter>
    </ClCompile>
    <ClCompile Include="objs__shockwave.cpp">
      <Filter>Source Files</Filter>
    </ClCompile>
    <ClCompile Include="objs__shrapnel.cpp">
      <Filter>Source Files</Filter>
    </ClCompile>
    <ClCompile Include="objs__smoke_trail.cpp">
      <Filter>Source Files</Filter>
    </ClCompile>
    <ClCompile Include="objs__sprite.cpp">
      <Filter>Source Files</Filter>
    </ClCompile>
    <ClCompile Include="objs__sprite_object.cpp">
      <Filter>Source Files</Filter>
    </ClCompile>
    <ClCompile Include="objs__stank.cpp">
      <Filter>Source Files</Filter>
    </ClCompile>
    <ClCompile Include="objs__stank_factory.cpp">
      <Filter>Source Files</Filter>
    </ClCompile>
    <ClCompile Include="objs__structure_death.cpp">
      <Filter>Source Files</Filter>
    </ClCompile>
    <ClCompile Include="objs__super_mortar.cpp">
      <Filter>Source Files</Filter>
    </ClCompile>
    <ClCompile Include="objs__supergun.cpp">
      <Filter>Source Files</Filter>
    </ClCompile>
    <ClCompile Include="objs__takeover_pad.cpp">
      <Filter>Source Files</Filter>
    </ClCompile>
    <ClCompile Include="objs__tank_buster.cpp">
      <Filter>Source Files</Filter>
    </ClCompile>
    <ClCompile Include="objs__target.cpp">
      <Filter>Source Files</Filter>
    </ClCompile>
    <ClCompile Include="objs__tower_electric.cpp">
      <Filter>Source Files</Filter>
    </ClCompile>
    <ClCompile Include="objs__tower_missile.cpp">
      <Filter>Source Files</Filter>
    </ClCompile>
    <ClCompile Include="objs__trike.cpp">
      <Filter>Source Files</Filter>
    </ClCompile>
    <ClCompile Include="objs__turret.cpp">
      <Filter>Source Files</Filter>
    </ClCompile>
    <ClCompile Include="objs__vehic_sounds.cpp">
      <Filter>Source Files</Filter>
    </ClCompile>
    <ClCompile Include="objs__verybiggun.cpp">
      <Filter>Source Files</Filter>
    </ClCompile>
    <ClCompile Include="OptionExtras.cpp">
      <Filter>Source Files</Filter>
    </ClCompile>
    <ClCompile Include="OptionGetDXVer.cpp">
      <Filter>Source Files</Filter>
    </ClCompile>
    <ClCompile Include="OptionInfo.cpp">
      <Filter>Source Files</Filter>
    </ClCompile>
    <ClCompile Include="OptionMFCInit.cpp">
      <Filter>Source Files</Filter>
    </ClCompile>
    <ClCompile Include="OptionProcessor.cpp">
      <Filter>Source Files</Filter>
    </ClCompile>
    <ClCompile Include="Optionsdialog.cpp">
      <Filter>Source Files</Filter>
    </ClCompile>
    <ClCompile Include="Optionsheet.cpp">
      <Filter>Source Files</Filter>
    </ClCompile>
    <ClCompile Include="OptionSound.cpp">
      <Filter>Source Files</Filter>
    </ClCompile>
    <ClCompile Include="palette_pal.cpp">
      <Filter>Source Files</Filter>
    </ClCompile>
    <ClCompile Include="quantize__dither_quantize.cpp">
      <Filter>Source Files</Filter>
    </ClCompile>
    <ClCompile Include="quantize__histogram.cpp">
      <Filter>Source Files</Filter>
    </ClCompile>
    <ClCompile Include="quantize__median.cpp">
      <Filter>Source Files</Filter>
    </ClCompile>
    <ClCompile Include="render__dx5__r1_dx5.cpp">
      <Filter>Source Files</Filter>
    </ClCompile>
    <ClCompile Include="render__dx5__r1_dx5_texture.cpp">
      <Filter>Source Files</Filter>
    </ClCompile>
    <ClCompile Include="render__dx9__render.cpp">
      <Filter>Source Files</Filter>
    </ClCompile>
    <ClCompile Include="render__dx9__texture.cpp">
      <Filter>Source Files</Filter>
    </ClCompile>
    <ClCompile Include="render__gtext_load.cpp">
      <Filter>Source Files</Filter>
    </ClCompile>
    <ClCompile Include="render__mip.cpp">
      <Filter>Source Files</Filter>
    </ClCompile>
    <ClCompile Include="render__mip_average.cpp">
      <Filter>Source Files</Filter>
    </ClCompile>
    <ClCompile Include="render__r1_api.cpp">
      <Filter>Source Files</Filter>
    </ClCompile>
    <ClCompile Include="render__r1_clip.cpp">
      <Filter>Source Files</Filter>
    </ClCompile>
    <ClCompile Include="render__r1_font.cpp">
      <Filter>Source Files</Filter>
    </ClCompile>
    <ClCompile Include="render__r1_res.cpp">
      <Filter>Source Files</Filter>
    </ClCompile>
    <ClCompile Include="render__r1_win.cpp">
      <Filter>Source Files</Filter>
    </ClCompile>
    <ClCompile Include="render__software__draw_line.cpp">
      <Filter>Source Files</Filter>
    </ClCompile>
    <ClCompile Include="render__software__mappers.cpp">
      <Filter>Source Files</Filter>
    </ClCompile>
    <ClCompile Include="render__software__r1_software.cpp">
      <Filter>Source Files</Filter>
    </ClCompile>
    <ClCompile Include="render__software__r1_software_globals.cpp">
      <Filter>Source Files</Filter>
    </ClCompile>
    <ClCompile Include="render__software__r1_software_texture.cpp">
      <Filter>Source Files</Filter>
    </ClCompile>
    <ClCompile Include="render__software__rasterize_affine.cpp">
      <Filter>Source Files</Filter>
    </ClCompile>
    <ClCompile Include="render__software__rasterize_perspective.cpp">
      <Filter>Source Files</Filter>
    </ClCompile>
    <ClCompile Include="render__software__span_buffer.cpp">
      <Filter>Source Files</Filter>
    </ClCompile>
    <ClCompile Include="render__software__tint_manage.cpp">
      <Filter>Source Files</Filter>
    </ClCompile>
    <ClCompile Include="render__software__tri_setup.cpp">
      <Filter>Source Files</Filter>
    </ClCompile>
    <ClCompile Include="render__software__win32_specific.cpp">
      <Filter>Source Files</Filter>
    </ClCompile>
    <ClCompile Include="render__tex_id.cpp">
      <Filter>Source Files</Filter>
    </ClCompile>
    <ClCompile Include="render__tmanage.cpp">
      <Filter>Source Files</Filter>
    </ClCompile>
    <ClCompile Include="sound__dsound__direct_sound.cpp">
      <Filter>Source Files</Filter>
    </ClCompile>
    <ClCompile Include="sound__sfx_id.cpp">
      <Filter>Source Files</Filter>
    </ClCompile>
    <ClCompile Include="sound__sound.cpp">
      <Filter>Source Files</Filter>
    </ClCompile>
    <ClCompile Include="status__status.cpp">
      <Filter>Source Files</Filter>
    </ClCompile>
    <ClCompile Include="string__string.cpp">
      <Filter>Source Files</Filter>
    </ClCompile>
    <ClCompile Include="threads__win32_threads.cpp">
      <Filter>Source Files</Filter>
    </ClCompile>
    <ClCompile Include="time__timedev.cpp">
      <Filter>Source Files</Filter>
    </ClCompile>
    <ClCompile Include="transport__loader.cpp">
      <Filter>Source Files</Filter>
    </ClCompile>
    <ClCompile Include="transport__randomize.cpp">
      <Filter>Source Files</Filter>
    </ClCompile>
    <ClCompile Include="transport__transport.cpp">
      <Filter>Source Files</Filter>
    </ClCompile>
    <ClCompile Include="video__display.cpp">
      <Filter>Source Files</Filter>
    </ClCompile>
    <ClCompile Include="video__movie_engine.cpp">
      <Filter>Source Files</Filter>
    </ClCompile>
    <ClCompile Include="video__win32__dd_cursor.cpp">
      <Filter>Source Files</Filter>
    </ClCompile>
    <ClCompile Include="video__win32__dx5.cpp">
      <Filter>Source Files</Filter>
    </ClCompile>
    <ClCompile Include="video__win32__dx5_error.cpp">
      <Filter>Source Files</Filter>
    </ClCompile>
    <ClCompile Include="video__win32__dx5_mouse.cpp">
      <Filter>Source Files</Filter>
    </ClCompile>
    <ClCompile Include="video__win32__dx5_util.cpp">
      <Filter>Source Files</Filter>
    </ClCompile>
    <ClCompile Include="video__win32__dx9.cpp">
      <Filter>Source Files</Filter>
    </ClCompile>
    <ClCompile Include="video__win32__dx9_mouse.cpp">
      <Filter>Source Files</Filter>
    </ClCompile>
    <ClCompile Include="video__win32__dx9_util.cpp">
      <Filter>Source Files</Filter>
    </ClCompile>
    <ClCompile Include="video__win32__dx_cursor.cpp">
      <Filter>Source Files</Filter>
    </ClCompile>
    <ClCompile Include="video__win32__win32.cpp">
      <Filter>Source Files</Filter>
    </ClCompile>
    <ClCompile Include="video__win32__win32_input.cpp">
      <Filter>Source Files</Filter>
    </ClCompile>
    <ClCompile Include="window__window.cpp">
      <Filter>Source Files</Filter>
    </ClCompile>
    <ClCompile Include="render__software__software_dd.cpp">
      <Filter>Source Files</Filter>
    </ClCompile>
  </ItemGroup>
  <ItemGroup>
    <ClInclude Include="lisp\abuse.h">
      <Filter>Header Files</Filter>
    </ClInclude>
    <ClInclude Include="error\alert.h">
      <Filter>Header Files</Filter>
    </ClInclude>
    <ClInclude Include="render\software\amd3d\amd3d.h">
      <Filter>Header Files</Filter>
    </ClInclude>
    <ClInclude Include="math\angle.h">
      <Filter>Header Files</Filter>
    </ClInclude>
    <ClInclude Include="font\anti_prop.h">
      <Filter>Header Files</Filter>
    </ClInclude>
    <ClInclude Include="app\app.h">
      <Filter>Header Files</Filter>
    </ClInclude>
    <ClInclude Include="arch.h">
      <Filter>Header Files</Filter>
    </ClInclude>
    <ClInclude Include="memory\array.h">
      <Filter>Header Files</Filter>
    </ClInclude>
    <ClInclude Include="file\async.h">
      <Filter>Header Files</Filter>
    </ClInclude>
    <ClInclude Include="loaders\mp3\audio.h">
      <Filter>Header Files</Filter>
    </ClInclude>
    <ClInclude Include="objs\bank.h">
      <Filter>Header Files</Filter>
    </ClInclude>
    <ClInclude Include="objs\base_launcher.h">
      <Filter>Header Files</Filter>
    </ClInclude>
    <ClInclude Include="objs\bases.h">
      <Filter>Header Files</Filter>
    </ClInclude>
    <ClInclude Include="objs\beam_weapon.h">
      <Filter>Header Files</Filter>
    </ClInclude>
    <ClInclude Include="memory\binary_tree.h">
      <Filter>Header Files</Filter>
    </ClInclude>
    <ClInclude Include="memory\bmanage.h">
      <Filter>Header Files</Filter>
    </ClInclude>
    <ClInclude Include="loaders\bmp_write.h">
      <Filter>Header Files</Filter>
    </ClInclude>
    <ClInclude Include="objs\bolt.h">
      <Filter>Header Files</Filter>
    </ClInclude>
    <ClInclude Include="objs\bomber.h">
      <Filter>Header Files</Filter>
    </ClInclude>
    <ClInclude Include="border_frame.h">
      <Filter>Header Files</Filter>
    </ClInclude>
    <ClInclude Include="menu\boxmenu.h">
      <Filter>Header Files</Filter>
    </ClInclude>
    <ClInclude Include="gui\browse_tree.h">
      <Filter>Header Files</Filter>
    </ClInclude>
    <ClInclude Include="file\buf_file.h">
      <Filter>Header Files</Filter>
    </ClInclude>
    <ClInclude Include="objs\bullet.h">
      <Filter>Header Files</Filter>
    </ClInclude>
    <ClInclude Include="objs\buster_rocket.h">
      <Filter>Header Files</Filter>
    </ClInclude>
    <ClInclude Include="gui\butbox.h">
      <Filter>Header Files</Filter>
    </ClInclude>
    <ClInclude Include="gui\button.h">
      <Filter>Header Files</Filter>
    </ClInclude>
    <ClInclude Include="camera.h">
      <Filter>Header Files</Filter>
    </ClInclude>
    <ClInclude Include="objs\car.h">
      <Filter>Header Files</Filter>
    </ClInclude>
    <ClInclude Include="objs\carcass.h">
      <Filter>Header Files</Filter>
    </ClInclude>
    <ClInclude Include="loaders\jpg\cderror.h">
      <Filter>Header Files</Filter>
    </ClInclude>
    <ClInclude Include="loaders\jpg\cdjpeg.h">
      <Filter>Header Files</Filter>
    </ClInclude>
    <ClInclude Include="checksum\checksum.h">
      <Filter>Header Files</Filter>
    </ClInclude>
    <ClInclude Include="objs\chunk_explosion.h">
      <Filter>Header Files</Filter>
    </ClInclude>
    <ClInclude Include="net\client.h">
      <Filter>Header Files</Filter>
    </ClInclude>
    <ClInclude Include="image\color.h">
      <Filter>Header Files</Filter>
    </ClInclude>
    <ClInclude Include="window\colorwin.h">
      <Filter>Header Files</Filter>
    </ClInclude>
    <ClInclude Include="editor\contedit.h">
      <Filter>Header Files</Filter>
    </ClInclude>
    <ClInclude Include="image\context.h">
      <Filter>Header Files</Filter>
    </ClInclude>
    <ClInclude Include="controller.h">
      <Filter>Header Files</Filter>
    </ClInclude>
    <ClInclude Include="objs\convoy.h">
      <Filter>Header Files</Filter>
    </ClInclude>
    <ClInclude Include="objs\crate.h">
      <Filter>Header Files</Filter>
    </ClInclude>
    <ClInclude Include="gui\create_dialog.h">
      <Filter>Header Files</Filter>
    </ClInclude>
    <ClInclude Include="critical_graph.h">
      <Filter>Header Files</Filter>
    </ClInclude>
    <ClInclude Include="critical_map.h">
      <Filter>Header Files</Filter>
    </ClInclude>
    <ClInclude Include="window\cursor.h">
      <Filter>Header Files</Filter>
    </ClInclude>
    <ClInclude Include="cwin_man.h">
      <Filter>Header Files</Filter>
    </ClInclude>
    <ClInclude Include="video\win32\d3denumeration.h">
      <Filter>Header Files</Filter>
    </ClInclude>
    <ClInclude Include="editor\dialogs\d_light.h">
      <Filter>Header Files</Filter>
    </ClInclude>
    <ClInclude Include="math\d_point.h">
      <Filter>Header Files</Filter>
    </ClInclude>
    <ClInclude Include="editor\dialogs\d_time.h">
      <Filter>Header Files</Filter>
    </ClInclude>
    <ClInclude Include="math\d_transform.h">
      <Filter>Header Files</Filter>
    </ClInclude>
    <ClInclude Include="math\d_vector.h">
      <Filter>Header Files</Filter>
    </ClInclude>
    <ClInclude Include="objs\damager.h">
      <Filter>Header Files</Filter>
    </ClInclude>
    <ClInclude Include="objs\day_night.h">
      <Filter>Header Files</Filter>
    </ClInclude>
    <ClInclude Include="video\win32\dd_cursor.h">
      <Filter>Header Files</Filter>
    </ClInclude>
    <ClInclude Include="objs\debris.h">
      <Filter>Header Files</Filter>
    </ClInclude>
    <ClInclude Include="editor\dialogs\debug_win.h">
      <Filter>Header Files</Filter>
    </ClInclude>
    <ClInclude Include="gui\deco_win.h">
      <Filter>Header Files</Filter>
    </ClInclude>
    <ClInclude Include="objs\def_object.h">
      <Filter>Header Files</Filter>
    </ClInclude>
    <ClInclude Include="objs\defaults.h">
      <Filter>Header Files</Filter>
    </ClInclude>
    <ClInclude Include="demo.h">
      <Filter>Header Files</Filter>
    </ClInclude>
    <ClInclude Include="device\device.h">
      <Filter>Header Files</Filter>
    </ClInclude>
    <ClInclude Include="loaders\dir_load.h">
      <Filter>Header Files</Filter>
    </ClInclude>
    <ClInclude Include="loaders\dir_save.h">
      <Filter>Header Files</Filter>
    </ClInclude>
    <ClInclude Include="sound\dsound\direct_sound.h">
      <Filter>Header Files</Filter>
    </ClInclude>
    <ClInclude Include="video\display.h">
      <Filter>Header Files</Filter>
    </ClInclude>
    <ClInclude Include="quantize\dither_quantize.h">
      <Filter>Header Files</Filter>
    </ClInclude>
    <ClInclude Include="gui\divider.h">
      <Filter>Header Files</Filter>
    </ClInclude>
    <ClInclude Include="dll\dll.h">
      <Filter>Header Files</Filter>
    </ClInclude>
    <ClInclude Include="dll_export.h">
      <Filter>Header Files</Filter>
    </ClInclude>
    <ClInclude Include="dll\dll_man.h">
      <Filter>Header Files</Filter>
    </ClInclude>
    <ClInclude Include="window\dragwin.h">
      <Filter>Header Files</Filter>
    </ClInclude>
    <ClInclude Include="draw_context.h">
      <Filter>Header Files</Filter>
    </ClInclude>
    <ClInclude Include="objs\dropped_bomb.h">
      <Filter>Header Files</Filter>
    </ClInclude>
    <ClInclude Include="sound\dsound\ds_error.h">
      <Filter>Header Files</Filter>
    </ClInclude>
    <ClInclude Include="video\win32\dx5.h">
      <Filter>Header Files</Filter>
    </ClInclude>
    <ClInclude Include="video\win32\dx5_error.h">
      <Filter>Header Files</Filter>
    </ClInclude>
    <ClInclude Include="video\win32\dx5_mouse.h">
      <Filter>Header Files</Filter>
    </ClInclude>
    <ClInclude Include="video\win32\dx5_util.h">
      <Filter>Header Files</Filter>
    </ClInclude>
    <ClInclude Include="video\win32\dx9.h">
      <Filter>Header Files</Filter>
    </ClInclude>
    <ClInclude Include="video\win32\dx9_error.h">
      <Filter>Header Files</Filter>
    </ClInclude>
    <ClInclude Include="video\win32\dx9_mouse.h">
      <Filter>Header Files</Filter>
    </ClInclude>
    <ClInclude Include="video\win32\dx9_util.h">
      <Filter>Header Files</Filter>
    </ClInclude>
    <ClInclude Include="video\win32\dx_cursor.h">
      <Filter>Header Files</Filter>
    </ClInclude>
    <ClInclude Include="memory\dynque.h">
      <Filter>Header Files</Filter>
    </ClInclude>
    <ClInclude Include="editor\mode\e_ai.h">
      <Filter>Header Files</Filter>
    </ClInclude>
    <ClInclude Include="editor\mode\e_camera.h">
      <Filter>Header Files</Filter>
    </ClInclude>
    <ClInclude Include="editor\mode\e_light.h">
      <Filter>Header Files</Filter>
    </ClInclude>
    <ClInclude Include="editor\mode\e_mode.h">
      <Filter>Header Files</Filter>
    </ClInclude>
    <ClInclude Include="editor\mode\e_object.h">
      <Filter>Header Files</Filter>
    </ClInclude>
    <ClInclude Include="editor\e_res.h">
      <Filter>Header Files</Filter>
    </ClInclude>
    <ClInclude Include="editor\e_state.h">
      <Filter>Header Files</Filter>
    </ClInclude>
    <ClInclude Include="editor\mode\e_tile.h">
      <Filter>Header Files</Filter>
    </ClInclude>
    <ClInclude Include="editor\dialogs\e_time.h">
      <Filter>Header Files</Filter>
    </ClInclude>
    <ClInclude Include="editor\edit_id.h">
      <Filter>Header Files</Filter>
    </ClInclude>
    <ClInclude Include="editor\editor.h">
      <Filter>Header Files</Filter>
    </ClInclude>
    <ClInclude Include="objs\eleccar.h">
      <Filter>Header Files</Filter>
    </ClInclude>
    <ClInclude Include="objs\engineer.h">
      <Filter>Header Files</Filter>
    </ClInclude>
    <ClInclude Include="device\event.h">
      <Filter>Header Files</Filter>
    </ClInclude>
    <ClInclude Include="objs\explode_model.h">
      <Filter>Header Files</Filter>
    </ClInclude>
    <ClInclude Include="objs\explosion1.h">
      <Filter>Header Files</Filter>
    </ClInclude>
    <ClInclude Include="f_tables.h">
      <Filter>Header Files</Filter>
    </ClInclude>
    <ClInclude Include="objs\field_camera.h">
      <Filter>Header Files</Filter>
    </ClInclude>
    <ClInclude Include="file\file.h">
      <Filter>Header Files</Filter>
    </ClInclude>
    <ClInclude Include="file\file_man.h">
      <Filter>Header Files</Filter>
    </ClInclude>
    <ClInclude Include="file\file_open.h">
      <Filter>Header Files</Filter>
    </ClInclude>
    <ClInclude Include="editor\commands\fill.h">
      <Filter>Header Files</Filter>
    </ClInclude>
    <ClInclude Include="objs\fire.h">
      <Filter>Header Files</Filter>
    </ClInclude>
    <ClInclude Include="objs\fire_angle.h">
      <Filter>Header Files</Filter>
    </ClInclude>
    <ClInclude Include="memory\fixed_array.h">
      <Filter>Header Files</Filter>
    </ClInclude>
    <ClInclude Include="objs\flak.h">
      <Filter>Header Files</Filter>
    </ClInclude>
    <ClInclude Include="flare.h">
      <Filter>Header Files</Filter>
    </ClInclude>
    <ClInclude Include="font\font.h">
      <Filter>Header Files</Filter>
    </ClInclude>
    <ClInclude Include="g1_limits.h">
      <Filter>Header Files</Filter>
    </ClInclude>
    <ClInclude Include="g1_object.h">
      <Filter>Header Files</Filter>
    </ClInclude>
    <ClInclude Include="g1_rand.h">
      <Filter>Header Files</Filter>
    </ClInclude>
    <ClInclude Include="g1_render.h">
      <Filter>Header Files</Filter>
    </ClInclude>
    <ClInclude Include="g1_speed.h">
      <Filter>Header Files</Filter>
    </ClInclude>
    <ClInclude Include="g1_texture_id.h">
      <Filter>Header Files</Filter>
    </ClInclude>
    <ClInclude Include="g1_tint.h">
      <Filter>Header Files</Filter>
    </ClInclude>
    <ClInclude Include="g1_vert.h">
      <Filter>Header Files</Filter>
    </ClInclude>
    <ClInclude Include="file\get_filename.h">
      <Filter>Header Files</Filter>
    </ClInclude>
    <ClInclude Include="loaders\mp3\getlopt.h">
      <Filter>Header Files</Filter>
    </ClInclude>
    <ClInclude Include="global_id.h">
      <Filter>Header Files</Filter>
    </ClInclude>
    <ClInclude Include="objs\goal.h">
      <Filter>Header Files</Filter>
    </ClInclude>
    <ClInclude Include="gui\gradiant.h">
      <Filter>Header Files</Filter>
    </ClInclude>
    <ClInclude Include="memory\growarry.h">
      <Filter>Header Files</Filter>
    </ClInclude>
    <ClInclude Include="memory\growheap.h">
      <Filter>Header Files</Filter>
    </ClInclude>
    <ClInclude Include="render\gtext_load.h">
      <Filter>Header Files</Filter>
    </ClInclude>
    <ClInclude Include="time\gui_prof.h">
      <Filter>Header Files</Filter>
    </ClInclude>
    <ClInclude Include="status\gui_stat.h">
      <Filter>Header Files</Filter>
    </ClInclude>
    <ClInclude Include="objs\guided_missile.h">
      <Filter>Header Files</Filter>
    </ClInclude>
    <ClInclude Include="memory\hashtable.h">
      <Filter>Header Files</Filter>
    </ClInclude>
    <ClInclude Include="height_info.h">
      <Filter>Header Files</Filter>
    </ClInclude>
    <ClInclude Include="objs\helicopter.h">
      <Filter>Header Files</Filter>
    </ClInclude>
    <ClInclude Include="quantize\histogram.h">
      <Filter>Header Files</Filter>
    </ClInclude>
    <ClInclude Include="loaders\mp3\huffman.h">
      <Filter>Header Files</Filter>
    </ClInclude>
    <ClInclude Include="human.h">
      <Filter>Header Files</Filter>
    </ClInclude>
    <ClInclude Include="sound\dsound\ia3d.h">
      <Filter>Header Files</Filter>
    </ClInclude>
    <ClInclude Include="maxtool\id.h">
      <Filter>Header Files</Filter>
    </ClInclude>
    <ClInclude Include="image\image.h">
      <Filter>Header Files</Filter>
    </ClInclude>
    <ClInclude Include="image\image16.h">
      <Filter>Header Files</Filter>
    </ClInclude>
    <ClInclude Include="image\image24.h">
      <Filter>Header Files</Filter>
    </ClInclude>
    <ClInclude Include="image\image32.h">
      <Filter>Header Files</Filter>
    </ClInclude>
    <ClInclude Include="image\image8.h">
      <Filter>Header Files</Filter>
    </ClInclude>
    <ClInclude Include="menu\image_item.h">
      <Filter>Header Files</Filter>
    </ClInclude>
    <ClInclude Include="image_man.h">
      <Filter>Header Files</Filter>
    </ClInclude>
    <ClInclude Include="gui\image_win.h">
      <Filter>Header Files</Filter>
    </ClInclude>
    <ClInclude Include="init\init.h">
      <Filter>Header Files</Filter>
    </ClInclude>
    <ClInclude Include="render\software\inline_fpu.h">
      <Filter>Header Files</Filter>
    </ClInclude>
    <ClInclude Include="maxtool\sdk_inc\inode.h">
      <Filter>Header Files</Filter>
    </ClInclude>
    <ClInclude Include="input.h">
      <Filter>Header Files</Filter>
    </ClInclude>
    <ClInclude Include="install.h">
      <Filter>Header Files</Filter>
    </ClInclude>
    <ClInclude Include="isllist.h">
      <Filter>Header Files</Filter>
    </ClInclude>
    <ClInclude Include="loaders\jpg\jchuff.h">
      <Filter>Header Files</Filter>
    </ClInclude>
    <ClInclude Include="loaders\jpg\jconfig.h">
      <Filter>Header Files</Filter>
    </ClInclude>
    <ClInclude Include="loaders\jpg\jdct.h">
      <Filter>Header Files</Filter>
    </ClInclude>
    <ClInclude Include="loaders\jpg\jdhuff.h">
      <Filter>Header Files</Filter>
    </ClInclude>
    <ClInclude Include="loaders\jpg\jerror.h">
      <Filter>Header Files</Filter>
    </ClInclude>
    <ClInclude Include="objs\jet.h">
      <Filter>Header Files</Filter>
    </ClInclude>
    <ClInclude Include="loaders\jpg\jinclude.h">
      <Filter>Header Files</Filter>
    </ClInclude>
    <ClInclude Include="jj_error.h">
      <Filter>Header Files</Filter>
    </ClInclude>
    <ClInclude Include="loaders\jpg\jmemsys.h">
      <Filter>Header Files</Filter>
    </ClInclude>
    <ClInclude Include="loaders\jpg\jmorecfg.h">
      <Filter>Header Files</Filter>
    </ClInclude>
    <ClInclude Include="loaders\jpg\jpegint.h">
      <Filter>Header Files</Filter>
    </ClInclude>
    <ClInclude Include="loaders\jpg\jpeglib.h">
      <Filter>Header Files</Filter>
    </ClInclude>
    <ClInclude Include="loaders\jpg_load.h">
      <Filter>Header Files</Filter>
    </ClInclude>
    <ClInclude Include="loaders\jpg_write.h">
      <Filter>Header Files</Filter>
    </ClInclude>
    <ClInclude Include="loaders\jpg\jversion.h">
      <Filter>Header Files</Filter>
    </ClInclude>
    <ClInclude Include="device\kernel.h">
      <Filter>Header Files</Filter>
    </ClInclude>
    <ClInclude Include="menu\key_item.h">
      <Filter>Header Files</Filter>
    </ClInclude>
    <ClInclude Include="device\key_man.h">
      <Filter>Header Files</Filter>
    </ClInclude>
    <ClInclude Include="device\keys.h">
      <Filter>Header Files</Filter>
    </ClInclude>
    <ClInclude Include="memory\lalloc.h">
      <Filter>Header Files</Filter>
    </ClInclude>
    <ClInclude Include="level_load.h">
      <Filter>Header Files</Filter>
    </ClInclude>
    <ClInclude Include="lisp\li_all.h">
      <Filter>Header Files</Filter>
    </ClInclude>
    <ClInclude Include="lisp\li_alloc.h">
      <Filter>Header Files</Filter>
    </ClInclude>
    <ClInclude Include="lisp\li_class.h">
      <Filter>Header Files</Filter>
    </ClInclude>
    <ClInclude Include="lisp\li_dialog.h">
      <Filter>Header Files</Filter>
    </ClInclude>
    <ClInclude Include="lisp\li_error.h">
      <Filter>Header Files</Filter>
    </ClInclude>
    <ClInclude Include="lisp\li_file.h">
      <Filter>Header Files</Filter>
    </ClInclude>
    <ClInclude Include="lisp\li_init.h">
      <Filter>Header Files</Filter>
    </ClInclude>
    <ClInclude Include="lisp\li_load.h">
      <Filter>Header Files</Filter>
    </ClInclude>
    <ClInclude Include="li_objref.h">
      <Filter>Header Files</Filter>
    </ClInclude>
    <ClInclude Include="lisp\li_optr.h">
      <Filter>Header Files</Filter>
    </ClInclude>
    <ClInclude Include="gui\li_pull_menu.h">
      <Filter>Header Files</Filter>
    </ClInclude>
    <ClInclude Include="lisp\li_types.h">
      <Filter>Header Files</Filter>
    </ClInclude>
    <ClInclude Include="lisp\li_vect.h">
      <Filter>Header Files</Filter>
    </ClInclude>
    <ClInclude Include="light.h">
      <Filter>Header Files</Filter>
    </ClInclude>
    <ClInclude Include="objs\light_o.h">
      <Filter>Header Files</Filter>
    </ClInclude>
    <ClInclude Include="lisp\lisp.h">
      <Filter>Header Files</Filter>
    </ClInclude>
    <ClInclude Include="editor\lisp_interaction.h">
      <Filter>Header Files</Filter>
    </ClInclude>
    <ClInclude Include="gui\list_box.h">
      <Filter>Header Files</Filter>
    </ClInclude>
    <ClInclude Include="gui\list_pick.h">
      <Filter>Header Files</Filter>
    </ClInclude>
    <ClInclude Include="loaders\load.h">
      <Filter>Header Files</Filter>
    </ClInclude>
    <ClInclude Include="load3d.h">
      <Filter>Header Files</Filter>
    </ClInclude>
    <ClInclude Include="network\login.h">
      <Filter>Header Files</Filter>
    </ClInclude>
    <ClInclude Include="maxtool\m1_info.h">
      <Filter>Header Files</Filter>
    </ClInclude>
    <ClInclude Include="maxtool\m1_menu.h">
      <Filter>Header Files</Filter>
    </ClInclude>
    <ClInclude Include="m_flow.h">
      <Filter>Header Files</Filter>
    </ClInclude>
    <ClInclude Include="main\main.h">
      <Filter>Header Files</Filter>
    </ClInclude>
    <ClInclude Include="make_tlist.h">
      <Filter>Header Files</Filter>
    </ClInclude>
    <ClInclude Include="memory\malloc.h">
      <Filter>Header Files</Filter>
    </ClInclude>
    <ClInclude Include="map.h">
      <Filter>Header Files</Filter>
    </ClInclude>
    <ClInclude Include="map_cell.h">
      <Filter>Header Files</Filter>
    </ClInclude>
    <ClInclude Include="map_collision.h">
      <Filter>Header Files</Filter>
    </ClInclude>
    <ClInclude Include="map_data.h">
      <Filter>Header Files</Filter>
    </ClInclude>
    <ClInclude Include="map_light.h">
      <Filter>Header Files</Filter>
    </ClInclude>
    <ClInclude Include="map_man.h">
      <Filter>Header Files</Filter>
    </ClInclude>
    <ClInclude Include="objs\map_piece.h">
      <Filter>Header Files</Filter>
    </ClInclude>
    <ClInclude Include="map_singleton.h">
      <Filter>Header Files</Filter>
    </ClInclude>
    <ClInclude Include="map_vars.h">
      <Filter>Header Files</Filter>
    </ClInclude>
    <ClInclude Include="map_vert.h">
      <Filter>Header Files</Filter>
    </ClInclude>
    <ClInclude Include="map_view.h">
      <Filter>Header Files</Filter>
    </ClInclude>
    <ClInclude Include="render\software\mappers.h">
      <Filter>Header Files</Filter>
    </ClInclude>
    <ClInclude Include="math\matrix.h">
      <Filter>Header Files</Filter>
    </ClInclude>
    <ClInclude Include="maxtool\max_load.h">
      <Filter>Header Files</Filter>
    </ClInclude>
    <ClInclude Include="maxtool\max_object.h">
      <Filter>Header Files</Filter>
    </ClInclude>
    <ClInclude Include="maxtool\maxcomm.h">
      <Filter>Header Files</Filter>
    </ClInclude>
    <ClInclude Include="quantize\median.h">
      <Filter>Header Files</Filter>
    </ClInclude>
    <ClInclude Include="menu\menu.h">
      <Filter>Header Files</Filter>
    </ClInclude>
    <ClInclude Include="menu\menuitem.h">
      <Filter>Header Files</Filter>
    </ClInclude>
    <ClInclude Include="mess_id.h">
      <Filter>Header Files</Filter>
    </ClInclude>
    <ClInclude Include="render\mip.h">
      <Filter>Header Files</Filter>
    </ClInclude>
    <ClInclude Include="render\mip_average.h">
      <Filter>Header Files</Filter>
    </ClInclude>
    <ClInclude Include="objs\miracle.h">
      <Filter>Header Files</Filter>
    </ClInclude>
    <ClInclude Include="objs\miscobjs.h">
      <Filter>Header Files</Filter>
    </ClInclude>
    <ClInclude Include="objs\model_collide.h">
      <Filter>Header Files</Filter>
    </ClInclude>
    <ClInclude Include="objs\model_draw.h">
      <Filter>Header Files</Filter>
    </ClInclude>
    <ClInclude Include="objs\model_id.h">
      <Filter>Header Files</Filter>
    </ClInclude>
    <ClInclude Include="objs\moneycrate.h">
      <Filter>Header Files</Filter>
    </ClInclude>
    <ClInclude Include="objs\moneyplane.h">
      <Filter>Header Files</Filter>
    </ClInclude>
    <ClInclude Include="video\movie_engine.h">
      <Filter>Header Files</Filter>
    </ClInclude>
    <ClInclude Include="loaders\mp3_load.h">
      <Filter>Header Files</Filter>
    </ClInclude>
    <ClInclude Include="loaders\mp3\mpg123.h">
      <Filter>Header Files</Filter>
    </ClInclude>
    <ClInclude Include="maxtool\sdk_inc\mtl.h">
      <Filter>Header Files</Filter>
    </ClInclude>
    <ClInclude Include="maxtool\sdk_inc\nametab.h">
      <Filter>Header Files</Filter>
    </ClInclude>
    <ClInclude Include="network\net_addr.h">
      <Filter>Header Files</Filter>
    </ClInclude>
    <ClInclude Include="network\net_find.h">
      <Filter>Header Files</Filter>
    </ClInclude>
    <ClInclude Include="network\net_prot.h">
      <Filter>Header Files</Filter>
    </ClInclude>
    <ClInclude Include="network\net_sock.h">
      <Filter>Header Files</Filter>
    </ClInclude>
    <ClInclude Include="memory\new.h">
      <Filter>Header Files</Filter>
    </ClInclude>
    <ClInclude Include="math\num_type.h">
      <Filter>Header Files</Filter>
    </ClInclude>
    <ClInclude Include="obj3d.h">
      <Filter>Header Files</Filter>
    </ClInclude>
    <ClInclude Include="editor\dialogs\obj_win.h">
      <Filter>Header Files</Filter>
    </ClInclude>
    <ClInclude Include="object_definer.h">
      <Filter>Header Files</Filter>
    </ClInclude>
    <ClInclude Include="editor\dialogs\object_picker.h">
      <Filter>Header Files</Filter>
    </ClInclude>
    <ClInclude Include="octree.h">
      <Filter>Header Files</Filter>
    </ClInclude>
    <ClInclude Include="octreetraversal.h">
      <Filter>Header Files</Filter>
    </ClInclude>
    <ClInclude Include="objs\old_ids.h">
      <Filter>Header Files</Filter>
    </ClInclude>
    <ClInclude Include="OptionExtras.h">
      <Filter>Header Files</Filter>
    </ClInclude>
    <ClInclude Include="OptionInfo.h">
      <Filter>Header Files</Filter>
    </ClInclude>
    <ClInclude Include="options.h">
      <Filter>Header Files</Filter>
    </ClInclude>
    <ClInclude Include="Optionsdialog.h">
      <Filter>Header Files</Filter>
    </ClInclude>
    <ClInclude Include="Optionsheet.h">
      <Filter>Header Files</Filter>
    </ClInclude>
    <ClInclude Include="OptionSound.h">
      <Filter>Header Files</Filter>
    </ClInclude>
    <ClInclude Include="palette\pal.h">
      <Filter>Header Files</Filter>
    </ClInclude>
    <ClInclude Include="objs\particle_emitter.h">
      <Filter>Header Files</Filter>
    </ClInclude>
    <ClInclude Include="path.h">
      <Filter>Header Files</Filter>
    </ClInclude>
    <ClInclude Include="path_api.h">
      <Filter>Header Files</Filter>
    </ClInclude>
    <ClInclude Include="objs\path_object.h">
      <Filter>Header Files</Filter>
    </ClInclude>
    <ClInclude Include="editor\dialogs\path_win.h">
      <Filter>Header Files</Filter>
    </ClInclude>
    <ClInclude Include="pch.h">
      <Filter>Header Files</Filter>
    </ClInclude>
    <ClInclude Include="objs\peontank.h">
      <Filter>Header Files</Filter>
    </ClInclude>
    <ClInclude Include="math\pi.h">
      <Filter>Header Files</Filter>
    </ClInclude>
    <ClInclude Include="editor\dialogs\pick_win.h">
      <Filter>Header Files</Filter>
    </ClInclude>
    <ClInclude Include="font\plain.h">
      <Filter>Header Files</Filter>
    </ClInclude>
    <ClInclude Include="playback.h">
      <Filter>Header Files</Filter>
    </ClInclude>
    <ClInclude Include="player.h">
      <Filter>Header Files</Filter>
    </ClInclude>
    <ClInclude Include="player_type.h">
      <Filter>Header Files</Filter>
    </ClInclude>
    <ClInclude Include="editor\pmenu.h">
      <Filter>Header Files</Filter>
    </ClInclude>
    <ClInclude Include="math\point.h">
      <Filter>Header Files</Filter>
    </ClInclude>
    <ClInclude Include="poly\poly.h">
      <Filter>Header Files</Filter>
    </ClInclude>
    <ClInclude Include="poly\polyclip.h">
      <Filter>Header Files</Filter>
    </ClInclude>
    <ClInclude Include="poly\polydraw.h">
      <Filter>Header Files</Filter>
    </ClInclude>
    <ClInclude Include="objs\popup_turret.h">
      <Filter>Header Files</Filter>
    </ClInclude>
    <ClInclude Include="pragma.h">
      <Filter>Header Files</Filter>
    </ClInclude>
    <ClInclude Include="device\processor.h">
      <Filter>Header Files</Filter>
    </ClInclude>
    <ClInclude Include="time\profile.h">
      <Filter>Header Files</Filter>
    </ClInclude>
    <ClInclude Include="time\profile_stack.h">
      <Filter>Header Files</Filter>
    </ClInclude>
    <ClInclude Include="menu\pull.h">
      <Filter>Header Files</Filter>
    </ClInclude>
    <ClInclude Include="memory\que.h">
      <Filter>Header Files</Filter>
    </ClInclude>
    <ClInclude Include="render\r1_api.h">
      <Filter>Header Files</Filter>
    </ClInclude>
    <ClInclude Include="render\r1_clip.h">
      <Filter>Header Files</Filter>
    </ClInclude>
    <ClInclude Include="render\dx5\r1_dx5.h">
      <Filter>Header Files</Filter>
    </ClInclude>
    <ClInclude Include="render\dx5\r1_dx5_texture.h">
      <Filter>Header Files</Filter>
    </ClInclude>
    <ClInclude Include="render\r1_font.h">
      <Filter>Header Files</Filter>
    </ClInclude>
    <ClInclude Include="render\r1_res.h">
      <Filter>Header Files</Filter>
    </ClInclude>
    <ClInclude Include="render\software\r1_software.h">
      <Filter>Header Files</Filter>
    </ClInclude>
    <ClInclude Include="render\software\r1_software_globals.h">
      <Filter>Header Files</Filter>
    </ClInclude>
    <ClInclude Include="render\software\r1_software_texture.h">
      <Filter>Header Files</Filter>
    </ClInclude>
    <ClInclude Include="render\software\r1_software_types.h">
      <Filter>Header Files</Filter>
    </ClInclude>
    <ClInclude Include="render\r1_vert.h">
      <Filter>Header Files</Filter>
    </ClInclude>
    <ClInclude Include="render\r1_win.h">
      <Filter>Header Files</Filter>
    </ClInclude>
    <ClInclude Include="file\ram_file.h">
      <Filter>Header Files</Filter>
    </ClInclude>
    <ClInclude Include="file\ram_file_man.h">
      <Filter>Header Files</Filter>
    </ClInclude>
    <ClInclude Include="math\random.h">
      <Filter>Header Files</Filter>
    </ClInclude>
    <ClInclude Include="transport\randomize.h">
      <Filter>Header Files</Filter>
    </ClInclude>
    <ClInclude Include="range.h">
      <Filter>Header Files</Filter>
    </ClInclude>
    <ClInclude Include="area\rectlist.h">
      <Filter>Header Files</Filter>
    </ClInclude>
    <ClInclude Include="reference.h">
      <Filter>Header Files</Filter>
    </ClInclude>
    <ClInclude Include="app\registry.h">
      <Filter>Header Files</Filter>
    </ClInclude>
    <ClInclude Include="remove_man.h">
      <Filter>Header Files</Filter>
    </ClInclude>
    <ClInclude Include="render\dx9\render.h">
      <Filter>Header Files</Filter>
    </ClInclude>
    <ClInclude Include="maxtool\render2.h">
      <Filter>Header Files</Filter>
    </ClInclude>
    <ClInclude Include="objs\repairer.h">
      <Filter>Header Files</Filter>
    </ClInclude>
    <ClInclude Include="resource.h">
      <Filter>Header Files</Filter>
    </ClInclude>
    <ClInclude Include="resources.h">
      <Filter>Header Files</Filter>
    </ClInclude>
    <ClInclude Include="compress\rle.h">
      <Filter>Header Files</Filter>
    </ClInclude>
    <ClInclude Include="objs\road_object.h">
      <Filter>Header Files</Filter>
    </ClInclude>
    <ClInclude Include="objs\rocket.h">
      <Filter>Header Files</Filter>
    </ClInclude>
    <ClInclude Include="objs\rocktank.h">
      <Filter>Header Files</Filter>
    </ClInclude>
    <ClInclude Include="rotation.h">
      <Filter>Header Files</Filter>
    </ClInclude>
    <ClInclude Include="saver.h">
      <Filter>Header Files</Filter>
    </ClInclude>
    <ClInclude Include="saver_id.h">
      <Filter>Header Files</Filter>
    </ClInclude>
    <ClInclude Include="editor\dialogs\scene.h">
      <Filter>Header Files</Filter>
    </ClInclude>
    <ClInclude Include="objs\scream.h">
      <Filter>Header Files</Filter>
    </ClInclude>
    <ClInclude Include="gui\scroll_bar.h">
      <Filter>Header Files</Filter>
    </ClInclude>
    <ClInclude Include="editor\dialogs\scroll_picker.h">
      <Filter>Header Files</Filter>
    </ClInclude>
    <ClInclude Include="search.h">
      <Filter>Header Files</Filter>
    </ClInclude>
    <ClInclude Include="selection.h">
      <Filter>Header Files</Filter>
    </ClInclude>
    <ClInclude Include="gui\seperate.h">
      <Filter>Header Files</Filter>
    </ClInclude>
    <ClInclude Include="net\server.h">
      <Filter>Header Files</Filter>
    </ClInclude>
    <ClInclude Include="sound\sfx_id.h">
      <Filter>Header Files</Filter>
    </ClInclude>
    <ClInclude Include="objs\sfx_obj.h">
      <Filter>Header Files</Filter>
    </ClInclude>
    <ClInclude Include="objs\shockwave.h">
      <Filter>Header Files</Filter>
    </ClInclude>
    <ClInclude Include="objs\shrapnel.h">
      <Filter>Header Files</Filter>
    </ClInclude>
    <ClInclude Include="sky.h">
      <Filter>Header Files</Filter>
    </ClInclude>
    <ClInclude Include="gui\slider.h">
      <Filter>Header Files</Filter>
    </ClInclude>
    <ClInclude Include="objs\smoke_trail.h">
      <Filter>Header Files</Filter>
    </ClInclude>
    <ClInclude Include="gui\smp_dial.h">
      <Filter>Header Files</Filter>
    </ClInclude>
    <ClInclude Include="solvegraph.h">
      <Filter>Header Files</Filter>
    </ClInclude>
    <ClInclude Include="solvegraph_breadth.h">
      <Filter>Header Files</Filter>
    </ClInclude>
    <ClInclude Include="solvemap.h">
      <Filter>Header Files</Filter>
    </ClInclude>
    <ClInclude Include="solvemap_astar.h">
      <Filter>Header Files</Filter>
    </ClInclude>
    <ClInclude Include="solvemap_astar2.h">
      <Filter>Header Files</Filter>
    </ClInclude>
    <ClInclude Include="solvemap_breadth.h">
      <Filter>Header Files</Filter>
    </ClInclude>
    <ClInclude Include="sound\sound.h">
      <Filter>Header Files</Filter>
    </ClInclude>
    <ClInclude Include="sound_man.h">
      <Filter>Header Files</Filter>
    </ClInclude>
    <ClInclude Include="sound\sound_types.h">
      <Filter>Header Files</Filter>
    </ClInclude>
    <ClInclude Include="render\software\span_buffer.h">
      <Filter>Header Files</Filter>
    </ClInclude>
    <ClInclude Include="math\spline.h">
      <Filter>Header Files</Filter>
    </ClInclude>
    <ClInclude Include="objs\sprite.h">
      <Filter>Header Files</Filter>
    </ClInclude>
    <ClInclude Include="objs\sprite_id.h">
      <Filter>Header Files</Filter>
    </ClInclude>
    <ClInclude Include="objs\sprite_object.h">
      <Filter>Header Files</Filter>
    </ClInclude>
    <ClInclude Include="maxtool\st_edit.h">
      <Filter>Header Files</Filter>
    </ClInclude>
    <ClInclude Include="memory\stack.h">
      <Filter>Header Files</Filter>
    </ClInclude>
    <ClInclude Include="objs\stank.h">
      <Filter>Header Files</Filter>
    </ClInclude>
    <ClInclude Include="net\startup.h">
      <Filter>Header Files</Filter>
    </ClInclude>
    <ClInclude Include="file\static_file.h">
      <Filter>Header Files</Filter>
    </ClInclude>
    <ClInclude Include="statistics.h">
      <Filter>Header Files</Filter>
    </ClInclude>
    <ClInclude Include="status\status.h">
      <Filter>Header Files</Filter>
    </ClInclude>
    <ClInclude Include="StdAfx.h">
      <Filter>Header Files</Filter>
    </ClInclude>
    <ClInclude Include="string\str_checksum.h">
      <Filter>Header Files</Filter>
    </ClInclude>
    <ClInclude Include="music\stream.h">
      <Filter>Header Files</Filter>
    </ClInclude>
    <ClInclude Include="string\string.h">
      <Filter>Header Files</Filter>
    </ClInclude>
    <ClInclude Include="objs\structure_death.h">
      <Filter>Header Files</Filter>
    </ClInclude>
    <ClInclude Include="window\style.h">
      <Filter>Header Files</Filter>
    </ClInclude>
    <ClInclude Include="file\sub_section.h">
      <Filter>Header Files</Filter>
    </ClInclude>
    <ClInclude Include="objs\super_mortar.h">
      <Filter>Header Files</Filter>
    </ClInclude>
    <ClInclude Include="objs\supergun.h">
      <Filter>Header Files</Filter>
    </ClInclude>
    <ClInclude Include="gui\tab_bar.h">
      <Filter>Header Files</Filter>
    </ClInclude>
    <ClInclude Include="loaders\mp3\tables.h">
      <Filter>Header Files</Filter>
    </ClInclude>
    <ClInclude Include="objs\tank_buster.h">
      <Filter>Header Files</Filter>
    </ClInclude>
    <ClInclude Include="objs\target.h">
      <Filter>Header Files</Filter>
    </ClInclude>
    <ClInclude Include="team_api.h">
      <Filter>Header Files</Filter>
    </ClInclude>
    <ClInclude Include="render\tex_cache.h">
      <Filter>Header Files</Filter>
    </ClInclude>
    <ClInclude Include="render\tex_heap.h">
      <Filter>Header Files</Filter>
    </ClInclude>
    <ClInclude Include="render\tex_id.h">
      <Filter>Header Files</Filter>
    </ClInclude>
    <ClInclude Include="render\tex_no_heap.h">
      <Filter>Header Files</Filter>
    </ClInclude>
    <ClInclude Include="gui\text.h">
      <Filter>Header Files</Filter>
    </ClInclude>
    <ClInclude Include="gui\text_input.h">
      <Filter>Header Files</Filter>
    </ClInclude>
    <ClInclude Include="gui\text_scroll.h">
      <Filter>Header Files</Filter>
    </ClInclude>
    <ClInclude Include="menu\textitem.h">
      <Filter>Header Files</Filter>
    </ClInclude>
    <ClInclude Include="render\dx9\texture.h">
      <Filter>Header Files</Filter>
    </ClInclude>
    <ClInclude Include="loaders\tga_write.h">
      <Filter>Header Files</Filter>
    </ClInclude>
    <ClInclude Include="threads\threads.h">
      <Filter>Header Files</Filter>
    </ClInclude>
    <ClInclude Include="tick_count.h">
      <Filter>Header Files</Filter>
    </ClInclude>
    <ClInclude Include="tile.h">
      <Filter>Header Files</Filter>
    </ClInclude>
    <ClInclude Include="editor\dialogs\tile_picker.h">
      <Filter>Header Files</Filter>
    </ClInclude>
    <ClInclude Include="editor\dialogs\tile_win.h">
      <Filter>Header Files</Filter>
    </ClInclude>
    <ClInclude Include="time\time.h">
      <Filter>Header Files</Filter>
    </ClInclude>
    <ClInclude Include="time\timedev.h">
      <Filter>Header Files</Filter>
    </ClInclude>
    <ClInclude Include="render\tmanage.h">
      <Filter>Header Files</Filter>
    </ClInclude>
    <ClInclude Include="render\tnode.h">
      <Filter>Header Files</Filter>
    </ClInclude>
    <ClInclude Include="math\transform.h">
      <Filter>Header Files</Filter>
    </ClInclude>
    <ClInclude Include="transport\transport.h">
      <Filter>Header Files</Filter>
    </ClInclude>
    <ClInclude Include="math\trig.h">
      <Filter>Header Files</Filter>
    </ClInclude>
    <ClInclude Include="objs\trike.h">
      <Filter>Header Files</Filter>
    </ClInclude>
    <ClInclude Include="maxtool\tupdate.h">
      <Filter>Header Files</Filter>
    </ClInclude>
    <ClInclude Include="objs\turret.h">
      <Filter>Header Files</Filter>
    </ClInclude>
    <ClInclude Include="math\vector.h">
      <Filter>Header Files</Filter>
    </ClInclude>
    <ClInclude Include="objs\vehic_sounds.h">
      <Filter>Header Files</Filter>
    </ClInclude>
    <ClInclude Include="version.h">
      <Filter>Header Files</Filter>
    </ClInclude>
    <ClInclude Include="objs\verybiggun.h">
      <Filter>Header Files</Filter>
    </ClInclude>
    <ClInclude Include="visible.h">
      <Filter>Header Files</Filter>
    </ClInclude>
    <ClInclude Include="loaders\wav_load.h">
      <Filter>Header Files</Filter>
    </ClInclude>
    <ClInclude Include="video\win32\win32_input.h">
      <Filter>Header Files</Filter>
    </ClInclude>
    <ClInclude Include="render\software\win32_specific.h">
      <Filter>Header Files</Filter>
    </ClInclude>
    <ClInclude Include="window\win_evt.h">
      <Filter>Header Files</Filter>
    </ClInclude>
    <ClInclude Include="main\win_main.h">
      <Filter>Header Files</Filter>
    </ClInclude>
    <ClInclude Include="window\window.h">
      <Filter>Header Files</Filter>
    </ClInclude>
    <ClInclude Include="window\wmanager.h">
      <Filter>Header Files</Filter>
    </ClInclude>
    <ClInclude Include="loaders\write.h">
      <Filter>Header Files</Filter>
    </ClInclude>
    <ClInclude Include="x86_proc.h">
      <Filter>Header Files</Filter>
    </ClInclude>
    <ClInclude Include="loaders\mp3\xfermem.h">
      <Filter>Header Files</Filter>
    </ClInclude>
  </ItemGroup>
  <ItemGroup>
    <None Include="resource\3dcheck.bmp">
      <Filter>Resource Files</Filter>
    </None>
    <None Include="resource\95check.bmp">
      <Filter>Resource Files</Filter>
    </None>
    <None Include="resource\cur00001.cur">
      <Filter>Resource Files</Filter>
    </None>
    <None Include="resource\cur00002.cur">
      <Filter>Resource Files</Filter>
    </None>
    <None Include="resource\error.ico">
      <Filter>Resource Files</Filter>
    </None>
    <None Include="resource\help.cur">
      <Filter>Resource Files</Filter>
    </None>
    <None Include="resource\ico00001.ico">
      <Filter>Resource Files</Filter>
    </None>
    <None Include="resource\ico102.ico">
      <Filter>Resource Files</Filter>
    </None>
    <None Include="resource\mfctest.rc2">
      <Filter>Resource Files</Filter>
    </None>
    <None Include="resource\minifwnd.bmp">
      <Filter>Resource Files</Filter>
    </None>
    <None Include="resource\move4way.cur">
      <Filter>Resource Files</Filter>
    </None>
    <None Include="resource\nodrop.cur">
      <Filter>Resource Files</Filter>
    </None>
    <None Include="resource\ntcheck.bmp">
      <Filter>Resource Files</Filter>
    </None>
    <None Include="resource\pointer.cur">
      <Filter>Resource Files</Filter>
    </None>
    <None Include="resource\sarrows.cur">
      <Filter>Resource Files</Filter>
    </None>
    <None Include="resource\splith.cur">
      <Filter>Resource Files</Filter>
    </None>
    <None Include="resource\splitv.cur">
      <Filter>Resource Files</Filter>
    </None>
    <None Include="resource\trck4way.cur">
      <Filter>Resource Files</Filter>
    </None>
    <None Include="resource\trcknesw.cur">
      <Filter>Resource Files</Filter>
    </None>
    <None Include="resource\trckns.cur">
      <Filter>Resource Files</Filter>
    </None>
    <None Include="resource\trcknwse.cur">
      <Filter>Resource Files</Filter>
    </None>
    <None Include="resource\trckwe.cur">
      <Filter>Resource Files</Filter>
    </None>
    <None Include="Hints.txt" />
    <None Include="Manual.doc" />
    <None Include="Readme.txt" />
  </ItemGroup>
  <ItemGroup>
    <ResourceCompile Include="golgotha.rc">
      <Filter>Resource Files</Filter>
    </ResourceCompile>
  </ItemGroup>
</Project>